
Microsoft Visual Studio Solution File, Format Version 12.00
# Visual Studio Version 17
VisualStudioVersion = 17.11.35327.3
MinimumVisualStudioVersion = 10.0.40219.1
Project("{FAE04EC0-301F-11D3-BF4B-00C04F79EFBC}") = "loginRegisterForm", "loginRegisterForm\loginRegisterForm.csproj", "{637555CE-5DD3-4C34-95CE-13ADC6B026BB}"
EndProject
Global
	GlobalSection(SolutionConfigurationPlatforms) = preSolution
		Debug|Any CPU = Debug|Any CPU
		Release|Any CPU = Release|Any CPU
	EndGlobalSection
	GlobalSection(ProjectConfigurationPlatforms) = postSolution
		{637555CE-5DD3-4C34-95CE-13ADC6B026BB}.Debug|Any CPU.ActiveCfg = Debug|Any CPU
		{637555CE-5DD3-4C34-95CE-13ADC6B026BB}.Debug|Any CPU.Build.0 = Debug|Any CPU
		{637555CE-5DD3-4C34-95CE-13ADC6B026BB}.Release|Any CPU.ActiveCfg = Release|Any CPU
		{637555CE-5DD3-4C34-95CE-13ADC6B026BB}.Release|Any CPU.Build.0 = Release|Any CPU
	EndGlobalSection
	GlobalSection(SolutionProperties) = preSolution
		HideSolutionNode = FALSE
	EndGlobalSection
	GlobalSection(ExtensibilityGlobals) = postSolution
		SolutionGuid = {17887CD1-BB50-4BAB-8C4E-95DA4A6F6787}
	EndGlobalSection
EndGlobal
